
Microsoft Visual Studio Solution File, Format Version 12.00
# Visual Studio Version 17
VisualStudioVersion = 17.8.34322.80
MinimumVisualStudioVersion = 10.0.40219.1
Project("{9A19103F-16F7-4668-BE54-9A1E7A4F7556}") = "BetterLadders", "BetterLadders\BetterLadders.csproj", "{2DC60A9D-F44B-4B06-8A37-9B05D6D2CAC8}"
EndProject
Project("{2150E333-8FDC-42A3-9474-1A3956D46DE8}") = "Info", "Info", "{9507C0DF-3FF7-4731-8B30-171ECBBF2693}"
	ProjectSection(SolutionItems) = preProject
		CHANGELOG.md = CHANGELOG.md
		manifest.json = manifest.json
		README.md = README.md
	EndProjectSection
EndProject
Project("{2150E333-8FDC-42A3-9474-1A3956D46DE8}") = "Scripts", "Scripts", "{44BEF116-E165-47B3-9FA7-37D8EA59D8B3}"
	ProjectSection(SolutionItems) = preProject
		createzip.ps1 = createzip.ps1
	EndProjectSection
EndProject
Global
	GlobalSection(SolutionConfigurationPlatforms) = preSolution
		Debug|Any CPU = Debug|Any CPU
		Release|Any CPU = Release|Any CPU
	EndGlobalSection
	GlobalSection(ProjectConfigurationPlatforms) = postSolution
		{2DC60A9D-F44B-4B06-8A37-9B05D6D2CAC8}.Debug|Any CPU.ActiveCfg = Debug|Any CPU
		{2DC60A9D-F44B-4B06-8A37-9B05D6D2CAC8}.Debug|Any CPU.Build.0 = Debug|Any CPU
		{2DC60A9D-F44B-4B06-8A37-9B05D6D2CAC8}.Release|Any CPU.ActiveCfg = Release|Any CPU
		{2DC60A9D-F44B-4B06-8A37-9B05D6D2CAC8}.Release|Any CPU.Build.0 = Release|Any CPU
	EndGlobalSection
	GlobalSection(SolutionProperties) = preSolution
		HideSolutionNode = FALSE
	EndGlobalSection
	GlobalSection(ExtensibilityGlobals) = postSolution
		SolutionGuid = {752E70B8-CAB9-4F39-A392-D2EE4BC2868A}
	EndGlobalSection
EndGlobal
